// !$*UTF8*$!
{
	archiveVersion = 1;
	classes = {
	};
	objectVersion = 50;
	objects = {

/* Begin PBXBuildFile section */
		8203C569225118740070E64E /* AppDelegate.swift in Sources */ = {isa = PBXBuildFile; fileRef = 8203C568225118740070E64E /* AppDelegate.swift */; };
		8203C56B225118740070E64E /* ViewController.swift in Sources */ = {isa = PBXBuildFile; fileRef = 8203C56A225118740070E64E /* ViewController.swift */; };
		8203C56E225118740070E64E /* Main.storyboard in Resources */ = {isa = PBXBuildFile; fileRef = 8203C56C225118740070E64E /* Main.storyboard */; };
		8203C570225118750070E64E /* Assets.xcassets in Resources */ = {isa = PBXBuildFile; fileRef = 8203C56F225118750070E64E /* Assets.xcassets */; };
		8203C573225118750070E64E /* LaunchScreen.storyboard in Resources */ = {isa = PBXBuildFile; fileRef = 8203C571225118750070E64E /* LaunchScreen.storyboard */; };
		8203C57E225118750070E64E /* BullsEyeTests.swift in Sources */ = {isa = PBXBuildFile; fileRef = 8203C57D225118750070E64E /* BullsEyeTests.swift */; };
		8203C589225118750070E64E /* BullsEyeUITests.swift in Sources */ = {isa = PBXBuildFile; fileRef = 8203C588225118750070E64E /* BullsEyeUITests.swift */; };
/* End PBXBuildFile section */

/* Begin PBXContainerItemProxy section */
		8203C57A225118750070E64E /* PBXContainerItemProxy */ = {
			isa = PBXContainerItemProxy;
			containerPortal = 8203C55D225118740070E64E /* Project object */;
			proxyType = 1;
			remoteGlobalIDString = 8203C564225118740070E64E;
			remoteInfo = BullsEye;
		};
		8203C585225118750070E64E /* PBXContainerItemProxy */ = {
			isa = PBXContainerItemProxy;
			containerPortal = 8203C55D225118740070E64E /* Project object */;
			proxyType = 1;
			remoteGlobalIDString = 8203C564225118740070E64E;
			remoteInfo = BullsEye;
		};
/* End PBXContainerItemProxy section */

/* Begin PBXFileReference section */
		8203C565225118740070E64E /* BullsEye.app */ = {isa = PBXFileReference; explicitFileType = wrapper.application; includeInIndex = 0; path = BullsEye.app; sourceTree = BUILT_PRODUCTS_DIR; };
		8203C568225118740070E64E /* AppDelegate.swift */ = {isa = PBXFileReference; lastKnownFileType = sourcecode.swift; path = AppDelegate.swift; sourceTree = "<group>"; };
		8203C56A225118740070E64E /* ViewController.swift */ = {isa = PBXFileReference; lastKnownFileType = sourcecode.swift; path = ViewController.swift; sourceTree = "<group>"; };
		8203C56D225118740070E64E /* Base */ = {isa = PBXFileReference; lastKnownFileType = file.storyboard; name = Base; path = Base.lproj/Main.storyboard; sourceTree = "<group>"; };
		8203C56F225118750070E64E /* Assets.xcassets */ = {isa = PBXFileReference; lastKnownFileType = folder.assetcatalog; path = Assets.xcassets; sourceTree = "<group>"; };
		8203C572225118750070E64E /* Base */ = {isa = PBXFileReference; lastKnownFileType = file.storyboard; name = Base; path = Base.lproj/LaunchScreen.storyboard; sourceTree = "<group>"; };
		8203C574225118750070E64E /* Info.plist */ = {isa = PBXFileReference; lastKnownFileType = text.plist.xml; path = Info.plist; sourceTree = "<group>"; };
		8203C579225118750070E64E /* BullsEyeTests.xctest */ = {isa = PBXFileReference; explicitFileType = wrapper.cfbundle; includeInIndex = 0; path = BullsEyeTests.xctest; sourceTree = BUILT_PRODUCTS_DIR; };
		8203C57D225118750070E64E /* BullsEyeTests.swift */ = {isa = PBXFileReference; lastKnownFileType = sourcecode.swift; path = BullsEyeTests.swift; sourceTree = "<group>"; };
		8203C57F225118750070E64E /* Info.plist */ = {isa = PBXFileReference; lastKnownFileType = text.plist.xml; path = Info.plist; sourceTree = "<group>"; };
		8203C584225118750070E64E /* BullsEyeUITests.xctest */ = {isa = PBXFileReference; explicitFileType = wrapper.cfbundle; includeInIndex = 0; path = BullsEyeUITests.xctest; sourceTree = BUILT_PRODUCTS_DIR; };
		8203C588225118750070E64E /* BullsEyeUITests.swift */ = {isa = PBXFileReference; lastKnownFileType = sourcecode.swift; path = BullsEyeUITests.swift; sourceTree = "<group>"; };
		8203C58A225118750070E64E /* Info.plist */ = {isa = PBXFileReference; lastKnownFileType = text.plist.xml; path = Info.plist; sourceTree = "<group>"; };
/* End PBXFileReference section */

/* Begin PBXFrameworksBuildPhase section */
		8203C562225118740070E64E /* Frameworks */ = {
			isa = PBXFrameworksBuildPhase;
			buildActionMask = 2147483647;
			files = (
			);
			runOnlyForDeploymentPostprocessing = 0;
		};
		8203C576225118750070E64E /* Frameworks */ = {
			isa = PBXFrameworksBuildPhase;
			buildActionMask = 2147483647;
			files = (
			);
			runOnlyForDeploymentPostprocessing = 0;
		};
		8203C581225118750070E64E /* Frameworks */ = {
			isa = PBXFrameworksBuildPhase;
			buildActionMask = 2147483647;
			files = (
			);
			runOnlyForDeploymentPostprocessing = 0;
		};
/* End PBXFrameworksBuildPhase section */

/* Begin PBXGroup section */
		8203C55C225118740070E64E = {
			isa = PBXGroup;
			children = (
				8203C567225118740070E64E /* BullsEye */,
				8203C57C225118750070E64E /* BullsEyeTests */,
				8203C587225118750070E64E /* BullsEyeUITests */,
				8203C566225118740070E64E /* Products */,
			);
			sourceTree = "<group>";
		};
		8203C566225118740070E64E /* Products */ = {
			isa = PBXGroup;
			children = (
				8203C565225118740070E64E /* BullsEye.app */,
				8203C579225118750070E64E /* BullsEyeTests.xctest */,
				8203C584225118750070E64E /* BullsEyeUITests.xctest */,
			);
			name = Products;
			sourceTree = "<group>";
		};
		8203C567225118740070E64E /* BullsEye */ = {
			isa = PBXGroup;
			children = (
				8203C568225118740070E64E /* AppDelegate.swift */,
				8203C56A225118740070E64E /* ViewController.swift */,
				8203C56C225118740070E64E /* Main.storyboard */,
				8203C56F225118750070E64E /* Assets.xcassets */,
				8203C571225118750070E64E /* LaunchScreen.storyboard */,
				8203C574225118750070E64E /* Info.plist */,
			);
			path = BullsEye;
			sourceTree = "<group>";
		};
		8203C57C225118750070E64E /* BullsEyeTests */ = {
			isa = PBXGroup;
			children = (
				8203C57D225118750070E64E /* BullsEyeTests.swift */,
				8203C57F225118750070E64E /* Info.plist */,
			);
			path = BullsEyeTests;
			sourceTree = "<group>";
		};
		8203C587225118750070E64E /* BullsEyeUITests */ = {
			isa = PBXGroup;
			children = (
				8203C588225118750070E64E /* BullsEyeUITests.swift */,
				8203C58A225118750070E64E /* Info.plist */,
			);
			path = BullsEyeUITests;
			sourceTree = "<group>";
		};
/* End PBXGroup section */

/* Begin PBXNativeTarget section */
		8203C564225118740070E64E /* BullsEye */ = {
			isa = PBXNativeTarget;
			buildConfigurationList = 8203C58D225118750070E64E /* Build configuration list for PBXNativeTarget "BullsEye" */;
			buildPhases = (
				8203C561225118740070E64E /* Sources */,
				8203C562225118740070E64E /* Frameworks */,
				8203C563225118740070E64E /* Resources */,
			);
			buildRules = (
			);
			dependencies = (
			);
			name = BullsEye;
			productName = BullsEye;
			productReference = 8203C565225118740070E64E /* BullsEye.app */;
			productType = "com.apple.product-type.application";
		};
		8203C578225118750070E64E /* BullsEyeTests */ = {
			isa = PBXNativeTarget;
			buildConfigurationList = 8203C590225118750070E64E /* Build configuration list for PBXNativeTarget "BullsEyeTests" */;
			buildPhases = (
				8203C575225118750070E64E /* Sources */,
				8203C576225118750070E64E /* Frameworks */,
				8203C577225118750070E64E /* Resources */,
			);
			buildRules = (
			);
			dependencies = (
				8203C57B225118750070E64E /* PBXTargetDependency */,
			);
			name = BullsEyeTests;
			productName = BullsEyeTests;
			productReference = 8203C579225118750070E64E /* BullsEyeTests.xctest */;
			productType = "com.apple.product-type.bundle.unit-test";
		};
		8203C583225118750070E64E /* BullsEyeUITests */ = {
			isa = PBXNativeTarget;
			buildConfigurationList = 8203C593225118750070E64E /* Build configuration list for PBXNativeTarget "BullsEyeUITests" */;
			buildPhases = (
				8203C580225118750070E64E /* Sources */,
				8203C581225118750070E64E /* Frameworks */,
				8203C582225118750070E64E /* Resources */,
			);
			buildRules = (
			);
			dependencies = (
				8203C586225118750070E64E /* PBXTargetDependency */,
			);
			name = BullsEyeUITests;
			productName = BullsEyeUITests;
			productReference = 8203C584225118750070E64E /* BullsEyeUITests.xctest */;
			productType = "com.apple.product-type.bundle.ui-testing";
		};
/* End PBXNativeTarget section */

/* Begin PBXProject section */
		8203C55D225118740070E64E /* Project object */ = {
			isa = PBXProject;
			attributes = {
				LastSwiftUpdateCheck = 1020;
				LastUpgradeCheck = 1020;
				ORGANIZATIONNAME = kchdully;
				TargetAttributes = {
					8203C564225118740070E64E = {
						CreatedOnToolsVersion = 10.2;
					};
					8203C578225118750070E64E = {
						CreatedOnToolsVersion = 10.2;
						TestTargetID = 8203C564225118740070E64E;
					};
					8203C583225118750070E64E = {
						CreatedOnToolsVersion = 10.2;
						TestTargetID = 8203C564225118740070E64E;
					};
				};
			};
			buildConfigurationList = 8203C560225118740070E64E /* Build configuration list for PBXProject "BullsEye" */;
			compatibilityVersion = "Xcode 9.3";
			developmentRegion = en;
			hasScannedForEncodings = 0;
			knownRegions = (
				en,
				Base,
			);
			mainGroup = 8203C55C225118740070E64E;
			productRefGroup = 8203C566225118740070E64E /* Products */;
			projectDirPath = "";
			projectRoot = "";
			targets = (
				8203C564225118740070E64E /* BullsEye */,
				8203C578225118750070E64E /* BullsEyeTests */,
				8203C583225118750070E64E /* BullsEyeUITests */,
			);
		};
/* End PBXProject section */

/* Begin PBXResourcesBuildPhase section */
		8203C563225118740070E64E /* Resources */ = {
			isa = PBXResourcesBuildPhase;
			buildActionMask = 2147483647;
			files = (
				8203C573225118750070E64E /* LaunchScreen.storyboard in Resources */,
				8203C570225118750070E64E /* Assets.xcassets in Resources */,
				8203C56E225118740070E64E /* Main.storyboard in Resources */,
			);
			runOnlyForDeploymentPostprocessing = 0;
		};
		8203C577225118750070E64E /* Resources */ = {
			isa = PBXResourcesBuildPhase;
			buildActionMask = 2147483647;
			files = (
			);
			runOnlyForDeploymentPostprocessing = 0;
		};
		8203C582225118750070E64E /* Resources */ = {
			isa = PBXResourcesBuildPhase;
			buildActionMask = 2147483647;
			files = (
			);
			runOnlyForDeploymentPostprocessing = 0;
		};
/* End PBXResourcesBuildPhase section */

/* Begin PBXSourcesBuildPhase section */
		8203C561225118740070E64E /* Sources */ = {
			isa = PBXSourcesBuildPhase;
			buildActionMask = 2147483647;
			files = (
				8203C56B225118740070E64E /* ViewController.swift in Sources */,
				8203C569225118740070E64E /* AppDelegate.swift in Sources */,
			);
			runOnlyForDeploymentPostprocessing = 0;
		};
		8203C575225118750070E64E /* Sources */ = {
			isa = PBXSourcesBuildPhase;
			buildActionMask = 2147483647;
			files = (
				8203C57E225118750070E64E /* BullsEyeTests.swift in Sources */,
			);
			runOnlyForDeploymentPostprocessing = 0;
		};
		8203C580225118750070E64E /* Sources */ = {
			isa = PBXSourcesBuildPhase;
			buildActionMask = 2147483647;
			files = (
				8203C589225118750070E64E /* BullsEyeUITests.swift in Sources */,
			);
			runOnlyForDeploymentPostprocessing = 0;
		};
/* End PBXSourcesBuildPhase section */

/* Begin PBXTargetDependency section */
		8203C57B225118750070E64E /* PBXTargetDependency */ = {
			isa = PBXTargetDependency;
			target = 8203C564225118740070E64E /* BullsEye */;
			targetProxy = 8203C57A225118750070E64E /* PBXContainerItemProxy */;
		};
		8203C586225118750070E64E /* PBXTargetDependency */ = {
			isa = PBXTargetDependency;
			target = 8203C564225118740070E64E /* BullsEye */;
			targetProxy = 8203C585225118750070E64E /* PBXContainerItemProxy */;
		};
/* End PBXTargetDependency section */

/* Begin PBXVariantGroup section */
		8203C56C225118740070E64E /* Main.storyboard */ = {
			isa = PBXVariantGroup;
			children = (
				8203C56D225118740070E64E /* Base */,
			);
			name = Main.storyboard;
			sourceTree = "<group>";
		};
		8203C571225118750070E64E /* LaunchScreen.storyboard */ = {
			isa = PBXVariantGroup;
			children = (
				8203C572225118750070E64E /* Base */,
			);
			name = LaunchScreen.storyboard;
			sourceTree = "<group>";
		};
/* End PBXVariantGroup section */

/* Begin XCBuildConfiguration section */
		8203C58B225118750070E64E /* Debug */ = {
			isa = XCBuildConfiguration;
			buildSettings = {
				ALWAYS_SEARCH_USER_PATHS = NO;
				CLANG_ANALYZER_NONNULL = YES;
				CLANG_ANALYZER_NUMBER_OBJECT_CONVERSION = YES_AGGRESSIVE;
				CLANG_CXX_LANGUAGE_STANDARD = "gnu++14";
				CLANG_CXX_LIBRARY = "libc++";
				CLANG_ENABLE_MODULES = YES;
				CLANG_ENABLE_OBJC_ARC = YES;
				CLANG_ENABLE_OBJC_WEAK = YES;
				CLANG_WARN_BLOCK_CAPTURE_AUTORELEASING = YES;
				CLANG_WARN_BOOL_CONVERSION = YES;
				CLANG_WARN_COMMA = YES;
				CLANG_WARN_CONSTANT_CONVERSION = YES;
				CLANG_WARN_DEPRECATED_OBJC_IMPLEMENTATIONS = YES;
				CLANG_WARN_DIRECT_OBJC_ISA_USAGE = YES_ERROR;
				CLANG_WARN_DOCUMENTATION_COMMENTS = YES;
				CLANG_WARN_EMPTY_BODY = YES;
				CLANG_WARN_ENUM_CONVERSION = YES;
				CLANG_WARN_INFINITE_RECURSION = YES;
				CLANG_WARN_INT_CONVERSION = YES;
				CLANG_WARN_NON_LITERAL_NULL_CONVERSION = YES;
				CLANG_WARN_OBJC_IMPLICIT_RETAIN_SELF = YES;
				CLANG_WARN_OBJC_LITERAL_CONVERSION = YES;
				CLANG_WARN_OBJC_ROOT_CLASS = YES_ERROR;
				CLANG_WARN_RANGE_LOOP_ANALYSIS = YES;
				CLANG_WARN_STRICT_PROTOTYPES = YES;
				CLANG_WARN_SUSPICIOUS_MOVE = YES;
				CLANG_WARN_UNGUARDED_AVAILABILITY = YES_AGGRESSIVE;
				CLANG_WARN_UNREACHABLE_CODE = YES;
				CLANG_WARN__DUPLICATE_METHOD_MATCH = YES;
				CODE_SIGN_IDENTITY = "iPhone Developer";
				COPY_PHASE_STRIP = NO;
				DEBUG_INFORMATION_FORMAT = dwarf;
				ENABLE_STRICT_OBJC_MSGSEND = YES;
				ENABLE_TESTABILITY = YES;
				GCC_C_LANGUAGE_STANDARD = gnu11;
				GCC_DYNAMIC_NO_PIC = NO;
				GCC_NO_COMMON_BLOCKS = YES;
				GCC_OPTIMIZATION_LEVEL = 0;
				GCC_PREPROCESSOR_DEFINITIONS = (
					"DEBUG=1",
					"$(inherited)",
				);
				GCC_WARN_64_TO_32_BIT_CONVERSION = YES;
				GCC_WARN_ABOUT_RETURN_TYPE = YES_ERROR;
				GCC_WARN_UNDECLARED_SELECTOR = YES;
				GCC_WARN_UNINITIALIZED_AUTOS = YES_AGGRESSIVE;
				GCC_WARN_UNUSED_FUNCTION = YES;
				GCC_WARN_UNUSED_VARIABLE = YES;
				IPHONEOS_DEPLOYMENT_TARGET = 12.2;
				MTL_ENABLE_DEBUG_INFO = INCLUDE_SOURCE;
				MTL_FAST_MATH = YES;
				ONLY_ACTIVE_ARCH = YES;
				SDKROOT = iphoneos;
				SWIFT_ACTIVE_COMPILATION_CONDITIONS = DEBUG;
				SWIFT_OPTIMIZATION_LEVEL = "-Onone";
			};
			name = Debug;
		};
		8203C58C225118750070E64E /* Release */ = {
			isa = XCBuildConfiguration;
			buildSettings = {
				ALWAYS_SEARCH_USER_PATHS = NO;
				CLANG_ANALYZER_NONNULL = YES;
				CLANG_ANALYZER_NUMBER_OBJECT_CONVERSION = YES_AGGRESSIVE;
				CLANG_CXX_LANGUAGE_STANDARD = "gnu++14";
				CLANG_CXX_LIBRARY = "libc++";
				CLANG_ENABLE_MODULES = YES;
				CLANG_ENABLE_OBJC_ARC = YES;
				CLANG_ENABLE_OBJC_WEAK = YES;
				CLANG_WARN_BLOCK_CAPTURE_AUTORELEASING = YES;
				CLANG_WARN_BOOL_CONVERSION = YES;
				CLANG_WARN_COMMA = YES;
				CLANG_WARN_CONSTANT_CONVERSION = YES;
				CLANG_WARN_DEPRECATED_OBJC_IMPLEMENTATIONS = YES;
				CLANG_WARN_DIRECT_OBJC_ISA_USAGE = YES_ERROR;
				CLANG_WARN_DOCUMENTATION_COMMENTS = YES;
				CLANG_WARN_EMPTY_BODY = YES;
				CLANG_WARN_ENUM_CONVERSION = YES;
				CLANG_WARN_INFINITE_RECURSION = YES;
				CLANG_WARN_INT_CONVERSION = YES;
				CLANG_WARN_NON_LITERAL_NULL_CONVERSION = YES;
				CLANG_WARN_OBJC_IMPLICIT_RETAIN_SELF = YES;
				CLANG_WARN_OBJC_LITERAL_CONVERSION = YES;
				CLANG_WARN_OBJC_ROOT_CLASS = YES_ERROR;
				CLANG_WARN_RANGE_LOOP_ANALYSIS = YES;
				CLANG_WARN_STRICT_PROTOTYPES = YES;
				CLANG_WARN_SUSPICIOUS_MOVE = YES;
				CLANG_WARN_UNGUARDED_AVAILABILITY = YES_AGGRESSIVE;
				CLANG_WARN_UNREACHABLE_CODE = YES;
				CLANG_WARN__DUPLICATE_METHOD_MATCH = YES;
				CODE_SIGN_IDENTITY = "iPhone Developer";
				COPY_PHASE_STRIP = NO;
				DEBUG_INFORMATION_FORMAT = "dwarf-with-dsym";
				ENABLE_NS_ASSERTIONS = NO;
				ENABLE_STRICT_OBJC_MSGSEND = YES;
				GCC_C_LANGUAGE_STANDARD = gnu11;
				GCC_NO_COMMON_BLOCKS = YES;
				GCC_WARN_64_TO_32_BIT_CONVERSION = YES;
				GCC_WARN_ABOUT_RETURN_TYPE = YES_ERROR;
				GCC_WARN_UNDECLARED_SELECTOR = YES;
				GCC_WARN_UNINITIALIZED_AUTOS = YES_AGGRESSIVE;
				GCC_WARN_UNUSED_FUNCTION = YES;
				GCC_WARN_UNUSED_VARIABLE = YES;
				IPHONEOS_DEPLOYMENT_TARGET = 12.2;
				MTL_ENABLE_DEBUG_INFO = NO;
				MTL_FAST_MATH = YES;
				SDKROOT = iphoneos;
				SWIFT_COMPILATION_MODE = wholemodule;
				SWIFT_OPTIMIZATION_LEVEL = "-O";
				VALIDATE_PRODUCT = YES;
			};
			name = Release;
		};
		8203C58E225118750070E64E /* Debug */ = {
			isa = XCBuildConfiguration;
			buildSettings = {
				ASSETCATALOG_COMPILER_APPICON_NAME = AppIcon;
				CODE_SIGN_STYLE = Automatic;
				INFOPLIST_FILE = BullsEye/Info.plist;
				LD_RUNPATH_SEARCH_PATHS = (
					"$(inherited)",
					"@executable_path/Frameworks",
				);
				PRODUCT_BUNDLE_IDENTIFIER = capstone.20151537.BullsEye;
				PRODUCT_NAME = "$(TARGET_NAME)";
				SWIFT_VERSION = 5.0;
				TARGETED_DEVICE_FAMILY = "1,2";
			};
			name = Debug;
		};
		8203C58F225118750070E64E /* Release */ = {
			isa = XCBuildConfiguration;
			buildSettings = {
				ASSETCATALOG_COMPILER_APPICON_NAME = AppIcon;
				CODE_SIGN_STYLE = Automatic;
				INFOPLIST_FILE = BullsEye/Info.plist;
				LD_RUNPATH_SEARCH_PATHS = (
					"$(inherited)",
					"@executable_path/Frameworks",
				);
				PRODUCT_BUNDLE_IDENTIFIER = capstone.20151537.BullsEye;
				PRODUCT_NAME = "$(TARGET_NAME)";
				SWIFT_VERSION = 5.0;
				TARGETED_DEVICE_FAMILY = "1,2";
			};
			name = Release;
		};
		8203C591225118750070E64E /* Debug */ = {
			isa = XCBuildConfiguration;
			buildSettings = {
				ALWAYS_EMBED_SWIFT_STANDARD_LIBRARIES = YES;
				BUNDLE_LOADER = "$(TEST_HOST)";
				CODE_SIGN_STYLE = Automatic;
				INFOPLIST_FILE = BullsEyeTests/Info.plist;
				LD_RUNPATH_SEARCH_PATHS = (
					"$(inherited)",
					"@executable_path/Frameworks",
					"@loader_path/Frameworks",
				);
				PRODUCT_BUNDLE_IDENTIFIER = capstone.20151537.BullsEyeTests;
				PRODUCT_NAME = "$(TARGET_NAME)";
				SWIFT_VERSION = 5.0;
				TARGETED_DEVICE_FAMILY = "1,2";
				TEST_HOST = "$(BUILT_PRODUCTS_DIR)/BullsEye.app/BullsEye";
			};
			name = Debug;
		};
		8203C592225118750070E64E /* Release */ = {
			isa = XCBuildConfiguration;
			buildSettings = {
				ALWAYS_EMBED_SWIFT_STANDARD_LIBRARIES = YES;
				BUNDLE_LOADER = "$(TEST_HOST)";
				CODE_SIGN_STYLE = Automatic;
				INFOPLIST_FILE = BullsEyeTests/Info.plist;
				LD_RUNPATH_SEARCH_PATHS = (
					"$(inherited)",
					"@executable_path/Frameworks",
					"@loader_path/Frameworks",
				);
				PRODUCT_BUNDLE_IDENTIFIER = capstone.20151537.BullsEyeTests;
				PRODUCT_NAME = "$(TARGET_NAME)";
				SWIFT_VERSION = 5.0;
				TARGETED_DEVICE_FAMILY = "1,2";
				TEST_HOST = "$(BUILT_PRODUCTS_DIR)/BullsEye.app/BullsEye";
			};
			name = Release;
		};
		8203C594225118750070E64E /* Debug */ = {
			isa = XCBuildConfiguration;
			buildSettings = {
				ALWAYS_EMBED_SWIFT_STANDARD_LIBRARIES = YES;
				CODE_SIGN_STYLE = Automatic;
				INFOPLIST_FILE = BullsEyeUITests/Info.plist;
				LD_RUNPATH_SEARCH_PATHS = (
					"$(inherited)",
					"@executable_path/Frameworks",
					"@loader_path/Frameworks",
				);
				PRODUCT_BUNDLE_IDENTIFIER = capstone.20151537.BullsEyeUITests;
				PRODUCT_NAME = "$(TARGET_NAME)";
				SWIFT_VERSION = 5.0;
				TARGETED_DEVICE_FAMILY = "1,2";
				TEST_TARGET_NAME = BullsEye;
			};
			name = Debug;
		};
		8203C595225118750070E64E /* Release */ = {
			isa = XCBuildConfiguration;
			buildSettings = {
				ALWAYS_EMBED_SWIFT_STANDARD_LIBRARIES = YES;
				CODE_SIGN_STYLE = Automatic;
				INFOPLIST_FILE = BullsEyeUITests/Info.plist;
				LD_RUNPATH_SEARCH_PATHS = (
					"$(inherited)",
					"@executable_path/Frameworks",
					"@loader_path/Frameworks",
				);
				PRODUCT_BUNDLE_IDENTIFIER = capstone.20151537.BullsEyeUITests;
				PRODUCT_NAME = "$(TARGET_NAME)";
				SWIFT_VERSION = 5.0;
				TARGETED_DEVICE_FAMILY = "1,2";
				TEST_TARGET_NAME = BullsEye;
			};
			name = Release;
		};
/* End XCBuildConfiguration section */

/* Begin XCConfigurationList section */
		8203C560225118740070E64E /* Build configuration list for PBXProject "BullsEye" */ = {
			isa = XCConfigurationList;
			buildConfigurations = (
				8203C58B225118750070E64E /* Debug */,
				8203C58C225118750070E64E /* Release */,
			);
			defaultConfigurationIsVisible = 0;
			defaultConfigurationName = Release;
		};
		8203C58D225118750070E64E /* Build configuration list for PBXNativeTarget "BullsEye" */ = {
			isa = XCConfigurationList;
			buildConfigurations = (
				8203C58E225118750070E64E /* Debug */,
				8203C58F225118750070E64E /* Release */,
			);
			defaultConfigurationIsVisible = 0;
			defaultConfigurationName = Release;
		};
		8203C590225118750070E64E /* Build configuration list for PBXNativeTarget "BullsEyeTests" */ = {
			isa = XCConfigurationList;
			buildConfigurations = (
				8203C591225118750070E64E /* Debug */,
				8203C592225118750070E64E /* Release */,
			);
			defaultConfigurationIsVisible = 0;
			defaultConfigurationName = Release;
		};
		8203C593225118750070E64E /* Build configuration list for PBXNativeTarget "BullsEyeUITests" */ = {
			isa = XCConfigurationList;
			buildConfigurations = (
				8203C594225118750070E64E /* Debug */,
				8203C595225118750070E64E /* Release */,
			);
			defaultConfigurationIsVisible = 0;
			defaultConfigurationName = Release;
		};
/* End XCConfigurationList section */
	};
	rootObject = 8203C55D225118740070E64E /* Project object */;
}
